<?xml version="1.0" encoding="utf-8"?>
<Project ToolsVersion="4.0" xmlns="http://schemas.microsoft.com/developer/msbuild/2003">
  <ItemGroup>
    <Filter Include="Source Files">
      <UniqueIdentifier>{4FC737F1-C7A5-4376-A066-2A32D752A2FF}</UniqueIdentifier>
      <Extensions>cpp;c;cxx;def;odl;idl;hpj;bat;asm;asmx</Extensions>
    </Filter>
    <Filter Include="library">
      <UniqueIdentifier>{80b6e803-971a-41f1-9edb-50c9405a240c}</UniqueIdentifier>
    </Filter>
    <Filter Include="source">
      <UniqueIdentifier>{8c2a3ee6-c079-481e-a188-dba60225784a}</UniqueIdentifier>
    </Filter>
  </ItemGroup>
  <ItemGroup>
    <ClCompile Include="lib\leetlib.cpp">
      <Filter>library</Filter>
    </ClCompile>
    <ClCompile Include="source\Game.cpp">
      <Filter>source</Filter>
    </ClCompile>
    <ClCompile Include="source\Point.cpp">
      <Filter>source</Filter>
    </ClCompile>
    <ClCompile Include="source\Ship.cpp">
      <Filter>source</Filter>
    </ClCompile>
    <ClCompile Include="source\Bullet.cpp">
      <Filter>source</Filter>
    </ClCompile>
    <ClCompile Include="source\SpaceObject.cpp">
      <Filter>source</Filter>
    </ClCompile>
    <ClCompile Include="main.cpp">
      <Filter>Source Files</Filter>
    </ClCompile>
    <ClCompile Include="source\Invader.cpp">
      <Filter>source</Filter>
    </ClCompile>
    <ClCompile Include="source\Leaderboard.cpp">
      <Filter>source</Filter>
    </ClCompile>
    <ClCompile Include="source\Effect.cpp">
      <Filter>source</Filter>
    </ClCompile>
  </ItemGroup>
  <ItemGroup>
    <ClInclude Include="lib\leetlib.h">
      <Filter>library</Filter>
    </ClInclude>
    <ClInclude Include="source\Game.h">
      <Filter>source</Filter>
    </ClInclude>
    <ClInclude Include="source\Point.h">
      <Filter>source</Filter>
    </ClInclude>
    <ClInclude Include="source\Ship.h">
      <Filter>source</Filter>
    </ClInclude>
    <ClInclude Include="source\Bullet.h">
      <Filter>source</Filter>
    </ClInclude>
    <ClInclude Include="source\SpaceObject.h">
      <Filter>source</Filter>
    </ClInclude>
    <ClInclude Include="source\Invader.h">
      <Filter>source</Filter>
    </ClInclude>
    <ClInclude Include="source\Leaderboard.h">
      <Filter>source</Filter>
    </ClInclude>
    <ClInclude Include="source\Effect.h">
      <Filter>source</Filter>
    </ClInclude>
  </ItemGroup>
</Project>